
Microsoft Visual Studio Solution File, Format Version 12.00
# Visual Studio 15
VisualStudioVersion = 15.0.26228.4
MinimumVisualStudioVersion = 10.0.40219.1
Project("{FAE04EC0-301F-11D3-BF4B-00C04F79EFBC}") = "RasDenoise", "RasDenoise.csproj", "{294E1DF8-A2E9-4CBB-801A-17F9AEE15CDE}"
EndProject
Global
	GlobalSection(SolutionConfigurationPlatforms) = preSolution
		Debug|Any CPU = Debug|Any CPU
		Release|Any CPU = Release|Any CPU
	EndGlobalSection
	GlobalSection(ProjectConfigurationPlatforms) = postSolution
		{294E1DF8-A2E9-4CBB-801A-17F9AEE15CDE}.Debug|Any CPU.ActiveCfg = Debug|Any CPU
		{294E1DF8-A2E9-4CBB-801A-17F9AEE15CDE}.Debug|Any CPU.Build.0 = Debug|Any CPU
		{294E1DF8-A2E9-4CBB-801A-17F9AEE15CDE}.Release|Any CPU.ActiveCfg = Release|Any CPU
		{294E1DF8-A2E9-4CBB-801A-17F9AEE15CDE}.Release|Any CPU.Build.0 = Release|Any CPU
	EndGlobalSection
	GlobalSection(SolutionProperties) = preSolution
		HideSolutionNode = FALSE
	EndGlobalSection
EndGlobal
